{
    "_readme": [
        "This file locks the dependencies of your project to a known state",
        "Read more about it at https://getcomposer.org/doc/01-basic-usage.md#installing-dependencies",
        "This file is @generated automatically"
    ],
    "content-hash": "1f1261e21de89c8243043750e3a3e297",
    "packages": [
        {
            "name": "react-inspector/metric",
            "version": "1.0.0",
            "source": {
                "type": "git",
                "url": "https://github.com/reactphp-inspector/metric.git",
                "reference": "8facabd382dc1b770155f09c8c101089619f975d"
            },
            "dist": {
                "type": "zip",
                "url": "https://api.github.com/repos/reactphp-inspector/metric/zipball/8facabd382dc1b770155f09c8c101089619f975d",
                "reference": "8facabd382dc1b770155f09c8c101089619f975d",
                "shasum": ""
            },
            "require": {
                "php": "^7.4",
                "thecodingmachine/safe": "^1.0"
            },
            "require-dev": {
                "wyrihaximus/test-utilities": "^2.0"
            },
            "type": "library",
            "extra": {
                "unused": [
                    "php"
                ]
            },
            "autoload": {
                "psr-4": {
                    "ReactInspector\\": "src/"
                }
            },
            "notification-url": "https://packagist.org/downloads/",
            "license": [
                "MIT"
            ],
            "authors": [
                {
                    "name": "Cees-Jan Kiewiet",
                    "email": "ceesjank@gmail.com",
                    "homepage": "https://www.wyrihaximus.net/"
                }
            ],
            "description": "📐 Metric VO's",
            "time": "2020-03-15T21:24:35+00:00"
        },
        {
            "name": "thecodingmachine/safe",
            "version": "v1.0.3",
            "source": {
                "type": "git",
                "url": "https://github.com/thecodingmachine/safe.git",
                "reference": "6662d0bef91fe5d44178cb2c38d51c5d16b65d23"
            },
            "dist": {
                "type": "zip",
                "url": "https://api.github.com/repos/thecodingmachine/safe/zipball/6662d0bef91fe5d44178cb2c38d51c5d16b65d23",
                "reference": "6662d0bef91fe5d44178cb2c38d51c5d16b65d23",
                "shasum": ""
            },
            "require": {
                "php": ">=7.2"
            },
            "require-dev": {
                "phpstan/phpstan": "^0.12",
                "squizlabs/php_codesniffer": "^3.2",
                "thecodingmachine/phpstan-strict-rules": "^0.12"
            },
            "type": "library",
            "extra": {
                "branch-alias": {
                    "dev-master": "0.1-dev"
                }
            },
            "autoload": {
                "psr-4": {
                    "Safe\\": [
                        "lib/",
                        "generated/"
                    ]
                },
                "files": [
                    "generated/apache.php",
                    "generated/apc.php",
                    "generated/apcu.php",
                    "generated/array.php",
                    "generated/bzip2.php",
                    "generated/classobj.php",
                    "generated/com.php",
                    "generated/cubrid.php",
                    "generated/curl.php",
                    "generated/datetime.php",
                    "generated/dir.php",
                    "generated/eio.php",
                    "generated/errorfunc.php",
                    "generated/exec.php",
                    "generated/fileinfo.php",
                    "generated/filesystem.php",
                    "generated/filter.php",
                    "generated/fpm.php",
                    "generated/ftp.php",
                    "generated/funchand.php",
                    "generated/gmp.php",
                    "generated/gnupg.php",
                    "generated/hash.php",
                    "generated/ibase.php",
                    "generated/ibmDb2.php",
                    "generated/iconv.php",
                    "generated/image.php",
                    "generated/imap.php",
                    "generated/info.php",
                    "generated/ingres-ii.php",
                    "generated/inotify.php",
                    "generated/json.php",
                    "generated/ldap.php",
                    "generated/libevent.php",
                    "generated/libxml.php",
                    "generated/lzf.php",
                    "generated/mailparse.php",
                    "generated/mbstring.php",
                    "generated/misc.php",
                    "generated/msql.php",
                    "generated/mssql.php",
                    "generated/mysql.php",
                    "generated/mysqli.php",
                    "generated/mysqlndMs.php",
                    "generated/mysqlndQc.php",
                    "generated/network.php",
                    "generated/oci8.php",
                    "generated/opcache.php",
                    "generated/openssl.php",
                    "generated/outcontrol.php",
                    "generated/password.php",
                    "generated/pcntl.php",
                    "generated/pcre.php",
                    "generated/pdf.php",
                    "generated/pgsql.php",
                    "generated/posix.php",
                    "generated/ps.php",
                    "generated/pspell.php",
                    "generated/readline.php",
                    "generated/rrd.php",
                    "generated/sem.php",
                    "generated/session.php",
                    "generated/shmop.php",
                    "generated/simplexml.php",
                    "generated/sockets.php",
                    "generated/sodium.php",
                    "generated/solr.php",
                    "generated/spl.php",
                    "generated/sqlsrv.php",
                    "generated/ssdeep.php",
                    "generated/ssh2.php",
                    "generated/stats.php",
                    "generated/stream.php",
                    "generated/strings.php",
                    "generated/swoole.php",
                    "generated/uodbc.php",
                    "generated/uopz.php",
                    "generated/url.php",
                    "generated/var.php",
                    "generated/xdiff.php",
                    "generated/xml.php",
                    "generated/xmlrpc.php",
                    "generated/yaml.php",
                    "generated/yaz.php",
                    "generated/zip.php",
                    "generated/zlib.php",
                    "lib/special_cases.php"
                ]
            },
            "notification-url": "https://packagist.org/downloads/",
            "license": [
                "MIT"
            ],
            "description": "PHP core functions that throw exceptions instead of returning FALSE on error",
            "time": "2020-01-20T08:44:36+00:00"
        }
    ],
    "packages-dev": [],
    "aliases": [],
    "minimum-stability": "stable",
    "stability-flags": [],
    "prefer-stable": false,
    "prefer-lowest": false,
    "platform": {
        "php": "^7.4"
    },
    "platform-dev": [],
    "platform-overrides": {
        "php": "7.4"
    }
}
